
Microsoft Visual Studio Solution File, Format Version 12.00
# Visual Studio Version 17
VisualStudioVersion = 17.0.31903.59
MinimumVisualStudioVersion = 10.0.40219.1
Project("{FAE04EC0-301F-11D3-BF4B-00C04F79EFBC}") = "ShoppingCartWebApi", "ShoppingCartWebApi\ShoppingCartWebApi.csproj", "{D70D306F-31F9-4F00-BBBE-680F6BFA9EA2}"
EndProject
Project("{FAE04EC0-301F-11D3-BF4B-00C04F79EFBC}") = "ShoppingTest", "ShoppingTest\ShoppingTest.csproj", "{612BEADC-3AF4-4519-B534-FB33722D13FA}"
EndProject
Global
	GlobalSection(SolutionConfigurationPlatforms) = preSolution
		Debug|Any CPU = Debug|Any CPU
		Release|Any CPU = Release|Any CPU
	EndGlobalSection
	GlobalSection(ProjectConfigurationPlatforms) = postSolution
		{D70D306F-31F9-4F00-BBBE-680F6BFA9EA2}.Debug|Any CPU.ActiveCfg = Debug|Any CPU
		{D70D306F-31F9-4F00-BBBE-680F6BFA9EA2}.Debug|Any CPU.Build.0 = Debug|Any CPU
		{D70D306F-31F9-4F00-BBBE-680F6BFA9EA2}.Release|Any CPU.ActiveCfg = Release|Any CPU
		{D70D306F-31F9-4F00-BBBE-680F6BFA9EA2}.Release|Any CPU.Build.0 = Release|Any CPU
		{612BEADC-3AF4-4519-B534-FB33722D13FA}.Debug|Any CPU.ActiveCfg = Debug|Any CPU
		{612BEADC-3AF4-4519-B534-FB33722D13FA}.Debug|Any CPU.Build.0 = Debug|Any CPU
		{612BEADC-3AF4-4519-B534-FB33722D13FA}.Release|Any CPU.ActiveCfg = Release|Any CPU
		{612BEADC-3AF4-4519-B534-FB33722D13FA}.Release|Any CPU.Build.0 = Release|Any CPU
	EndGlobalSection
	GlobalSection(SolutionProperties) = preSolution
		HideSolutionNode = FALSE
	EndGlobalSection
	GlobalSection(ExtensibilityGlobals) = postSolution
		SolutionGuid = {E177FF2E-A9D2-4AB6-BA56-000BC89E5C1B}
	EndGlobalSection
EndGlobal
